# This file is autogenerated, do not edit; changes may be undone by the next 'dep ensure'.


[[projects]]
  name = "cloud.google.com/go"
  packages = ["compute/metadata"]
  revision = "767c40d6a2e058483c25fa193e963a22da17236d"
  version = "v0.18.0"

[[projects]]
  name = "git.fd.io/govpp.git"
  packages = [
    "adapter",
    "adapter/mock",
    "adapter/mock/binapi",
    "adapter/vppapiclient",
    "api",
    "codec",
    "core",
    "core/bin_api/vpe"
  ]
  revision = "f1bef4a3c66f4408afdeb64cda62ccd8562d0fc6"

[[projects]]
  branch = "master"
  name = "github.com/Azure/go-ansiterm"
  packages = [
    ".",
    "winterm"
  ]
  revision = "d6e3b3328b783f23731bc4d058875b0371ff8109"

[[projects]]
  name = "github.com/Microsoft/go-winio"
  packages = ["."]
  revision = "7da180ee92d8bd8bb8c37fc560e673e6557c392f"
  version = "v0.4.7"

[[projects]]
  branch = "master"
  name = "github.com/Nvveen/Gotty"
  packages = ["."]
  revision = "cd527374f1e5bff4938207604a14f2e38a9cf512"

[[projects]]
  name = "github.com/PuerkitoBio/purell"
  packages = ["."]
  revision = "0bcb03f4b4d0a9428594752bd2a3b9aa0a9d4bd4"
  version = "v1.1.0"

[[projects]]
  branch = "master"
  name = "github.com/PuerkitoBio/urlesc"
  packages = ["."]
  revision = "de5bf2ad457846296e2031421a34e2568e304e35"

[[projects]]
  name = "github.com/Shopify/sarama"
  packages = ["."]
  revision = "3b1b38866a79f06deddf0487d5c27ba0697ccd65"
  version = "v1.15.0"

[[projects]]
  name = "github.com/abbot/go-http-auth"
  packages = ["."]
  revision = "0ddd408d5d60ea76e320503cc7dd091992dee608"
  version = "v0.4.0"

[[projects]]
  name = "github.com/apparentlymart/go-cidr"
  packages = ["cidr"]
  revision = "2bd8b58cf4275aeb086ade613de226773e29e853"

[[projects]]
  name = "github.com/appc/spec"
  packages = [
    "schema",
    "schema/common",
    "schema/types",
    "schema/types/resource"
  ]
  revision = "cbe99b7160b1397bf89f9c8bb1418f69c9424049"
  version = "v0.8.11"

[[projects]]
  branch = "master"
  name = "github.com/armon/circbuf"
  packages = ["."]
  revision = "bbbad097214e2918d8543d5201d12bfd7bca254d"

[[projects]]
  name = "github.com/aws/aws-sdk-go"
  packages = [
    "aws",
    "aws/awserr",
    "aws/awsutil",
    "aws/client",
    "aws/client/metadata",
    "aws/corehandlers",
    "aws/credentials",
    "aws/credentials/ec2rolecreds",
    "aws/credentials/endpointcreds",
    "aws/credentials/stscreds",
    "aws/defaults",
    "aws/ec2metadata",
    "aws/endpoints",
    "aws/request",
    "aws/session",
    "aws/signer/v4",
    "internal/shareddefaults",
    "private/protocol",
    "private/protocol/query",
    "private/protocol/query/queryutil",
    "private/protocol/rest",
    "private/protocol/xml/xmlutil",
    "service/sts"
  ]
  revision = "0cbaf57ea311890e62f0b01652529295079e9e95"
  version = "v1.12.71"

[[projects]]
  branch = "master"
  name = "github.com/beorn7/perks"
  packages = ["quantile"]
  revision = "4c0e84591b9aa9e6dcfdf3e020114cd81f89d5f9"

[[projects]]
  name = "github.com/blang/semver"
  packages = ["."]
  revision = "2ee87856327ba09384cabd113bc6b5d174e9ec0f"
  version = "v3.5.1"

[[projects]]
  name = "github.com/bshuster-repo/logrus-logstash-hook"
  packages = ["."]
  revision = "dbc1e22735aa6ed7bd9579a407c17bc7c4a4e046"
  version = "v0.4.1"

[[projects]]
  name = "github.com/containernetworking/cni"
  packages = [
    "libcni",
    "pkg/invoke",
    "pkg/skel",
    "pkg/types",
    "pkg/types/020",
    "pkg/types/current",
    "pkg/version"
  ]
  revision = "a7885cb6f8ab03fba07852ded351e4f5e7a112bf"
  version = "v0.6.0"

[[projects]]
  name = "github.com/coreos/etcd"
  packages = [
    "auth/authpb",
    "client",
    "clientv3",
    "clientv3/namespace",
    "etcdserver/api/v3rpc/rpctypes",
    "etcdserver/etcdserverpb",
    "mvcc/mvccpb",
    "pkg/pathutil",
    "pkg/srv",
    "pkg/tlsutil",
    "pkg/types",
    "version"
  ]
  revision = "66722b1ada68fcd5227db853ee92003169a975c8"
  version = "v3.2.0"

[[projects]]
  name = "github.com/coreos/go-semver"
  packages = ["semver"]
  revision = "8ab6407b697782a06568d4b7f1db25550ec2e4c6"
  version = "v0.2.0"

[[projects]]
  name = "github.com/coreos/go-systemd"
  packages = [
    "activation",
    "dbus",
    "unit",
    "util"
  ]
  revision = "40e2722dffead74698ca12a750f64ef313ddce05"
  version = "v16"

[[projects]]
  name = "github.com/coreos/pkg"
  packages = ["dlopen"]
  revision = "3ac0863d7acf3bc44daf49afef8919af12f704ef"
  version = "v3"

[[projects]]
  name = "github.com/coreos/rkt"
  packages = ["api/v1alpha"]
  revision = "6de500a70706403c8c611d80491aea64019141b0"
  version = "v1.29.0"

[[projects]]
  name = "github.com/davecgh/go-spew"
  packages = ["spew"]
  revision = "346938d642f2ec3594ed81d874461961cd0faa76"
  version = "v1.1.0"

[[projects]]
  name = "github.com/dgrijalva/jwt-go"
  packages = ["."]
  revision = "dbeaa9332f19a944acb5736b4456cfcc02140e29"
  version = "v3.1.0"

[[projects]]
  name = "github.com/docker/distribution"
  packages = [
    ".",
    "context",
    "digestset",
    "reference",
    "uuid"
  ]
  revision = "edc3ab29cdff8694dd6feb85cfeb4b5f1b38ed9c"

[[projects]]
  name = "github.com/docker/docker"
  packages = [
    "api",
    "api/types",
    "api/types/blkiodev",
    "api/types/container",
    "api/types/events",
    "api/types/filters",
    "api/types/image",
    "api/types/mount",
    "api/types/network",
    "api/types/registry",
    "api/types/strslice",
    "api/types/swarm",
    "api/types/swarm/runtime",
    "api/types/time",
    "api/types/versions",
    "api/types/volume",
    "client",
    "opts",
    "pkg/archive",
    "pkg/fileutils",
    "pkg/homedir",
    "pkg/idtools",
    "pkg/ioutils",
    "pkg/jsonlog",
    "pkg/jsonmessage",
    "pkg/longpath",
    "pkg/mount",
    "pkg/pools",
    "pkg/promise",
    "pkg/stdcopy",
    "pkg/symlink",
    "pkg/system",
    "pkg/term",
    "pkg/term/windows"
  ]
  revision = "008b217844f8738cc47ef9ff108dc41dc37736cc"

[[projects]]
  name = "github.com/docker/engine-api"
  packages = [
    "client",
    "client/transport",
    "client/transport/cancellable",
    "types",
    "types/blkiodev",
    "types/container",
    "types/filters",
    "types/network",
    "types/reference",
    "types/registry",
    "types/strslice",
    "types/swarm",
    "types/time",
    "types/versions"
  ]
  revision = "3d1601b9d2436a70b0dfc045a23f6503d19195df"
  version = "v0.4.0"

[[projects]]
  name = "github.com/docker/go-connections"
  packages = [
    "nat",
    "sockets",
    "tlsconfig"
  ]
  revision = "3ede32e2033de7505e6500d6c868c2b9ed9f169d"
  version = "v0.3.0"

[[projects]]
  name = "github.com/docker/go-units"
  packages = ["."]
  revision = "0dadbb0345b35ec7ef35e228dabb8de89a65bf52"
  version = "v0.3.2"

[[projects]]
  branch = "master"
  name = "github.com/docker/spdystream"
  packages = [
    ".",
    "spdy"
  ]
  revision = "bc6354cbbc295e925e4c611ffe90c1f287ee54db"

[[projects]]
  name = "github.com/docker/swarmkit"
  packages = ["."]
  revision = "8bdecc57887ffc598b63d6433f58e0d2852112c3"
  source = "https://github.com/dmcgowan/swarmkit.git"

[[projects]]
  name = "github.com/eapache/go-resiliency"
  packages = ["breaker"]
  revision = "6800482f2c813e689c88b7ed3282262385011890"
  version = "v1.0.0"

[[projects]]
  branch = "master"
  name = "github.com/eapache/go-xerial-snappy"
  packages = ["."]
  revision = "bb955e01b9346ac19dc29eb16586c90ded99a98c"

[[projects]]
  name = "github.com/eapache/queue"
  packages = ["."]
  revision = "44cc805cf13205b55f69e14bcb69867d1ae92f98"
  version = "v1.1.0"

[[projects]]
  name = "github.com/elazarl/go-bindata-assetfs"
  packages = ["."]
  revision = "30f82fa23fd844bd5bb1e5f216db87fd77b5eb43"
  version = "v1.0.0"

[[projects]]
  name = "github.com/emicklei/go-restful"
  packages = [
    ".",
    "log"
  ]
  revision = "26b41036311f2da8242db402557a0dbd09dc83da"
  version = "v2.6.0"

[[projects]]
  name = "github.com/emicklei/go-restful-swagger12"
  packages = ["."]
  revision = "dcef7f55730566d41eae5db10e7d6981829720f6"
  version = "1.0.1"

[[projects]]
  name = "github.com/euank/go-kmsg-parser"
  packages = ["kmsgparser"]
  revision = "5ba4d492e455a77d25dcf0d2c4acc9f2afebef4e"
  version = "v2.0.0"

[[projects]]
  name = "github.com/evalphobia/logrus_fluent"
  packages = ["."]
  revision = "76779e73f35d90f5a873e7feaf6691999b2c5db4"
  version = "v0.4.0"

[[projects]]
  name = "github.com/fluent/fluent-logger-golang"
  packages = ["fluent"]
  revision = "8bbc2356beaf021b04c9bd5cdc76ea5a7ccb40ec"
  version = "v1.3.0"

[[projects]]
  name = "github.com/fsnotify/fsnotify"
  packages = ["."]
  revision = "c2828203cd70a50dcccfb2761f8b1f8ceef9a8e9"
  version = "v1.4.7"

[[projects]]
  name = "github.com/fsouza/go-dockerclient"
  packages = ["."]
  revision = "9e921e30db8bcc1221fa0485ad9ce5b195fb4445"

[[projects]]
  name = "github.com/garyburd/redigo"
  packages = [
    "internal",
    "redis"
  ]
  revision = "d1ed5c67e5794de818ea85e6b522fda02623a484"
  version = "v1.4.0"

[[projects]]
  name = "github.com/ghodss/yaml"
  packages = ["."]
  revision = "0ca9ea5df5451ffdf184b4428c902747c2c11cd7"
  version = "v1.0.0"

[[projects]]
  name = "github.com/go-ini/ini"
  packages = ["."]
  revision = "32e4c1e6bc4e7d0d8451aa6b75200d19e37a536a"
  version = "v1.32.0"

[[projects]]
  branch = "master"
  name = "github.com/go-openapi/jsonpointer"
  packages = ["."]
  revision = "779f45308c19820f1a69e9a4cd965f496e0da10f"

[[projects]]
  branch = "master"
  name = "github.com/go-openapi/jsonreference"
  packages = ["."]
  revision = "36d33bfe519efae5632669801b180bf1a245da3b"

[[projects]]
  branch = "master"
  name = "github.com/go-openapi/spec"
  packages = ["."]
  revision = "f3499b5df53897321d6f5e9c22cf19309d41d3bc"

[[projects]]
  branch = "master"
  name = "github.com/go-openapi/swag"
  packages = ["."]
  revision = "84f4bee7c0a6db40e3166044c7983c1c32125429"

[[projects]]
  name = "github.com/godbus/dbus"
  packages = ["."]
  revision = "a389bdde4dd695d414e47b755e95e72b7826432c"
  version = "v4.1.0"

[[projects]]
  name = "github.com/gogo/protobuf"
  packages = [
    "gogoproto",
    "proto",
    "protoc-gen-gogo/descriptor",
    "sortkeys"
  ]
  revision = "342cbe0a04158f6dcb03ca0079991a51a4248c02"
  version = "v0.5"

[[projects]]
  branch = "master"
  name = "github.com/golang/glog"
  packages = ["."]
  revision = "23def4e6c14b4da8ac2ed8007337bc5eb5007998"

[[projects]]
  branch = "master"
  name = "github.com/golang/groupcache"
  packages = ["lru"]
  revision = "66deaeb636dff1ac7d938ce666d090556056a4b0"

[[projects]]
  branch = "master"
  name = "github.com/golang/protobuf"
  packages = [
    "proto",
    "ptypes",
    "ptypes/any",
    "ptypes/duration",
    "ptypes/timestamp"
  ]
  revision = "bbd03ef6da3a115852eaf24c8a1c46aeb39aa175"

[[projects]]
  branch = "master"
  name = "github.com/golang/snappy"
  packages = ["."]
  revision = "553a641470496b2327abcac10b36396bd98e45c9"

[[projects]]
  branch = "master"
  name = "github.com/google/btree"
  packages = ["."]
  revision = "e89373fe6b4a7413d7acd6da1725b83ef713e6e4"

[[projects]]
  name = "github.com/google/cadvisor"
  packages = [
    ".",
    "api",
    "cache/memory",
    "collector",
    "container",
    "container/common",
    "container/crio",
    "container/docker",
    "container/libcontainer",
    "container/raw",
    "container/rkt",
    "container/systemd",
    "devicemapper",
    "events",
    "fs",
    "healthz",
    "http",
    "http/mux",
    "info/v1",
    "info/v2",
    "machine",
    "manager",
    "manager/watcher",
    "manager/watcher/raw",
    "manager/watcher/rkt",
    "metrics",
    "pages",
    "pages/static",
    "storage",
    "storage/bigquery",
    "storage/bigquery/client",
    "storage/elasticsearch",
    "storage/influxdb",
    "storage/kafka",
    "storage/redis",
    "storage/statsd",
    "storage/statsd/client",
    "storage/stdout",
    "summary",
    "utils",
    "utils/cloudinfo",
    "utils/container",
    "utils/cpuload",
    "utils/cpuload/netlink",
    "utils/docker",
    "utils/oomparser",
    "utils/sysfs",
    "utils/sysinfo",
    "validate",
    "version",
    "zfs"
  ]
  revision = "cda62a43857256fbc95dd31e7c810888f00f8ec7"

[[projects]]
  branch = "master"
  name = "github.com/google/gofuzz"
  packages = ["."]
  revision = "24818f796faf91cd76ec7bddd72458fbced7a6c1"

[[projects]]
  name = "github.com/googleapis/gnostic"
  packages = [
    "OpenAPIv2",
    "compiler",
    "extensions"
  ]
  revision = "ee43cbb60db7bd22502942cccbc39059117352ab"
  version = "v0.1.0"

[[projects]]
  name = "github.com/gorilla/context"
  packages = ["."]
  revision = "1ea25387ff6f684839d82767c1733ff4d4d15d0a"
  version = "v1.1"

[[projects]]
  name = "github.com/gorilla/mux"
  packages = ["."]
  revision = "53c1911da2b537f792e7cafcb446b05ffe33b996"
  version = "v1.6.1"

[[projects]]
  branch = "master"
  name = "github.com/gregjones/httpcache"
  packages = [
    ".",
    "diskcache"
  ]
  revision = "2bcd89a1743fd4b373f7370ce8ddc14dfbd18229"

[[projects]]
  branch = "master"
  name = "github.com/hashicorp/go-cleanhttp"
  packages = ["."]
  revision = "d5fe4b57a186c716b0e00b8c301cbd9b4182694d"

[[projects]]
  branch = "master"
  name = "github.com/hashicorp/golang-lru"
  packages = [
    ".",
    "simplelru"
  ]
  revision = "0fb14efe8c47ae851c0034ed7a448854d3d34cf3"

[[projects]]
  branch = "master"
  name = "github.com/howeyc/gopass"
  packages = ["."]
  revision = "bf9dde6d0d2c004a008c27aaee91170c786f6db8"

[[projects]]
  name = "github.com/imdario/mergo"
  packages = ["."]
  revision = "163f41321a19dd09362d4c63cc2489db2015f1f4"
  version = "0.3.2"

[[projects]]
  name = "github.com/influxdb/influxdb"
  packages = [
    "client",
    "models",
    "pkg/escape"
  ]
  revision = "f55169eaca706f78e2d66edb0b8e62861712a747"
  version = "v0.10.3"

[[projects]]
  name = "github.com/jmespath/go-jmespath"
  packages = ["."]
  revision = "0b12d6b5"

[[projects]]
  name = "github.com/json-iterator/go"
  packages = ["."]
  revision = "28452fcdec4e44348d2af0d91d1e9e38da3a9e0a"
  version = "1.0.5"

[[projects]]
  name = "github.com/juju/ratelimit"
  packages = ["."]
  revision = "59fac5042749a5afb9af70e813da1dd5474f0167"
  version = "1.0.1"

[[projects]]
  branch = "master"
  name = "github.com/kolo/xmlrpc"
  packages = ["."]
  revision = "0826b98aaa29c0766956cb40d45cf7482a597671"

[[projects]]
  name = "github.com/kr/pty"
  packages = ["."]
  revision = "282ce0e5322c82529687d609ee670fac7c7d917c"
  version = "v1.1.1"

[[projects]]
  name = "github.com/ligato/cn-infra"
  packages = [
    "agent",
    "config",
    "datasync",
    "datasync/kvdbsync",
    "datasync/kvdbsync/local",
    "datasync/resync",
    "datasync/syncbase",
    "db/keyval",
    "db/keyval/etcd",
    "db/keyval/kvproto",
    "health/probe",
    "health/statuscheck",
    "health/statuscheck/model/status",
    "idxmap",
    "idxmap/mem",
    "infra",
    "logging",
    "logging/logmanager",
    "logging/logrus",
    "logging/measure",
    "messaging",
    "rpc/grpc",
    "rpc/prometheus",
    "rpc/rest",
    "servicelabel",
    "utils/addrs",
    "utils/once",
    "utils/safeclose"
  ]
  revision = "7838b46f7be1b8c032d8f478c3da744c86d3f4c2"

[[projects]]
  name = "github.com/ligato/vpp-agent"
  packages = [
    "clientv1/linux",
    "clientv1/linux/dbadapter",
    "clientv1/linux/localclient",
    "clientv1/vpp",
    "clientv1/vpp/dbadapter",
    "idxvpp",
    "idxvpp/cacheutil",
    "idxvpp/nametoidx",
    "plugins/govppmux",
    "plugins/govppmux/vppcalls",
    "plugins/linux",
    "plugins/linux/ifplugin",
    "plugins/linux/ifplugin/ifaceidx",
    "plugins/linux/ifplugin/linuxcalls",
    "plugins/linux/l3plugin",
    "plugins/linux/l3plugin/l3idx",
    "plugins/linux/l3plugin/linuxcalls",
    "plugins/linux/model/interfaces",
    "plugins/linux/model/l3",
    "plugins/linux/nsplugin",
    "plugins/rest",
    "plugins/rest/resturl",
    "plugins/telemetry",
    "plugins/vpp",
    "plugins/vpp/aclplugin",
    "plugins/vpp/aclplugin/aclidx",
    "plugins/vpp/aclplugin/vppcalls",
    "plugins/vpp/binapi/acl",
    "plugins/vpp/binapi/af_packet",
    "plugins/vpp/binapi/bfd",
    "plugins/vpp/binapi/dhcp",
    "plugins/vpp/binapi/interfaces",
    "plugins/vpp/binapi/ip",
    "plugins/vpp/binapi/ipsec",
    "plugins/vpp/binapi/l2",
    "plugins/vpp/binapi/memif",
    "plugins/vpp/binapi/nat",
    "plugins/vpp/binapi/session",
    "plugins/vpp/binapi/sr",
    "plugins/vpp/binapi/stats",
    "plugins/vpp/binapi/stn",
    "plugins/vpp/binapi/tap",
    "plugins/vpp/binapi/tapv2",
    "plugins/vpp/binapi/vpe",
    "plugins/vpp/binapi/vxlan",
    "plugins/vpp/ifplugin",
    "plugins/vpp/ifplugin/ifaceidx",
    "plugins/vpp/ifplugin/vppcalls",
    "plugins/vpp/ipsecplugin",
    "plugins/vpp/ipsecplugin/ipsecidx",
    "plugins/vpp/ipsecplugin/vppcalls",
    "plugins/vpp/l2plugin",
    "plugins/vpp/l2plugin/l2idx",
    "plugins/vpp/l2plugin/vppcalls",
    "plugins/vpp/l3plugin",
    "plugins/vpp/l3plugin/l3idx",
    "plugins/vpp/l3plugin/vppcalls",
    "plugins/vpp/l4plugin",
    "plugins/vpp/l4plugin/nsidx",
    "plugins/vpp/l4plugin/vppcalls",
    "plugins/vpp/model/acl",
    "plugins/vpp/model/bfd",
    "plugins/vpp/model/interfaces",
    "plugins/vpp/model/ipsec",
    "plugins/vpp/model/l2",
    "plugins/vpp/model/l3",
    "plugins/vpp/model/l4",
    "plugins/vpp/model/nat",
    "plugins/vpp/model/rpc",
    "plugins/vpp/model/srv6",
    "plugins/vpp/model/stn",
    "plugins/vpp/rpc",
    "plugins/vpp/srplugin",
    "plugins/vpp/srplugin/cache",
    "plugins/vpp/srplugin/vppcalls"
  ]
  revision = "d1d002258016231bce63511d7edbe4b6cde447cd"

[[projects]]
  branch = "master"
  name = "github.com/lunixbochs/struc"
  packages = ["."]
  revision = "ef56447db6a068ad9e52bc54a1aff5fb9e1ed2dd"

[[projects]]
  branch = "master"
  name = "github.com/mailru/easyjson"
  packages = [
    "buffer",
    "jlexer",
    "jwriter"
  ]
  revision = "32fa128f234d041f196a9f3e0fea5ac9772c08e1"

[[projects]]
  name = "github.com/matttproud/golang_protobuf_extensions"
  packages = ["pbutil"]
  revision = "3247c84500bff8d9fb6d579d800f20b3e091582c"
  version = "v1.0.0"

[[projects]]
  name = "github.com/mistifyio/go-zfs"
  packages = ["."]
  revision = "cdc0f941c4d0e0e94d85348285568d921891e138"
  version = "v2.1.1"

[[projects]]
  branch = "master"
  name = "github.com/mrunalp/fileutils"
  packages = ["."]
  revision = "7d4729fb36185a7c1719923406c9d40e54fb93c7"

[[projects]]
  name = "github.com/namsral/flag"
  packages = ["."]
  revision = "71ceffbeb0ba60fccc853971bb3ed4d7d90bfd04"
  version = "v1.7.4-pre"

[[projects]]
  name = "github.com/nerdtakula/supervisor"
  packages = ["."]
  revision = "857e93729bfa62df91dcdd3d36c9ac7036edf20a"

[[projects]]
  name = "github.com/onsi/gomega"
  packages = [
    ".",
    "format",
    "internal/assertion",
    "internal/asyncassertion",
    "internal/oraclematcher",
    "internal/testingtsupport",
    "matchers",
    "matchers/support/goraph/bipartitegraph",
    "matchers/support/goraph/edge",
    "matchers/support/goraph/node",
    "matchers/support/goraph/util",
    "types"
  ]
  revision = "003f63b7f4cff3fc95357005358af2de0f5fe152"
  version = "v1.3.0"

[[projects]]
  name = "github.com/opencontainers/go-digest"
  packages = ["."]
  revision = "279bed98673dd5bef374d3b6e4b09e2af76183bf"
  version = "v1.0.0-rc1"

[[projects]]
  name = "github.com/opencontainers/image-spec"
  packages = [
    "specs-go",
    "specs-go/v1"
  ]
  revision = "d60099175f88c47cd379c4738d158884749ed235"
  version = "v1.0.1"

[[projects]]
  name = "github.com/opencontainers/runc"
  packages = [
    ".",
    "libcontainer",
    "libcontainer/apparmor",
    "libcontainer/cgroups",
    "libcontainer/cgroups/fs",
    "libcontainer/cgroups/rootless",
    "libcontainer/cgroups/systemd",
    "libcontainer/configs",
    "libcontainer/configs/validate",
    "libcontainer/criurpc",
    "libcontainer/keys",
    "libcontainer/nsenter",
    "libcontainer/seccomp",
    "libcontainer/specconv",
    "libcontainer/stacktrace",
    "libcontainer/system",
    "libcontainer/user",
    "libcontainer/utils"
  ]
  revision = "1c81e2a794c6e26a4c650142ae8893c47f619764"

[[projects]]
  name = "github.com/opencontainers/runtime-spec"
  packages = ["specs-go"]
  revision = "4e3b9264a330d094b0386c3703c5f379119711e8"
  version = "v1.0.1"

[[projects]]
  name = "github.com/opencontainers/selinux"
  packages = [
    "go-selinux",
    "go-selinux/label"
  ]
  revision = "ba1aefe8057f1d0cfb8e88d0ec1dc85925ef987d"
  version = "v1.0.0-rc1"

[[projects]]
  name = "github.com/pborman/uuid"
  packages = ["."]
  revision = "e790cca94e6cc75c7064b1332e63811d4aae1a53"
  version = "v1.1"

[[projects]]
  branch = "master"
  name = "github.com/petar/GoLLRB"
  packages = ["llrb"]
  revision = "53be0d36a84c2a886ca057d34b6aa4468df9ccb4"

[[projects]]
  name = "github.com/peterbourgon/diskv"
  packages = ["."]
  revision = "5f041e8faa004a95c88a202771f4cc3e991971e6"
  version = "v2.0.1"

[[projects]]
  name = "github.com/philhofer/fwd"
  packages = ["."]
  revision = "bb6d471dc95d4fe11e432687f8b70ff496cf3136"
  version = "v1.0.0"

[[projects]]
  name = "github.com/pierrec/lz4"
  packages = ["."]
  revision = "2fcda4cb7018ce05a25959d2fe08c83e3329f169"
  version = "v1.1"

[[projects]]
  name = "github.com/pierrec/xxHash"
  packages = ["xxHash32"]
  revision = "f051bb7f1d1aaf1b5a665d74fb6b0217712c69f7"
  version = "v0.1.1"

[[projects]]
  name = "github.com/pkg/errors"
  packages = ["."]
  revision = "645ef00459ed84a119197bfb8d8205042c6df63d"
  version = "v0.8.0"

[[projects]]
  name = "github.com/prometheus/client_golang"
  packages = [
    "prometheus",
    "prometheus/promhttp"
  ]
  revision = "c5b7fccd204277076155f10851dad72b76a49317"
  version = "v0.8.0"

[[projects]]
  branch = "master"
  name = "github.com/prometheus/client_model"
  packages = ["go"]
  revision = "99fa1f4be8e564e8a6b613da7fa6f46c9edafc6c"

[[projects]]
  branch = "master"
  name = "github.com/prometheus/common"
  packages = [
    "expfmt",
    "internal/bitbucket.org/ww/goautoneg",
    "model"
  ]
  revision = "89604d197083d4781071d3c65855d24ecfb0a563"

[[projects]]
  branch = "master"
  name = "github.com/prometheus/procfs"
  packages = [
    ".",
    "internal/util",
    "nfs",
    "xfs"
  ]
  revision = "cb4147076ac75738c9a7d279075a253c0cc5acbd"

[[projects]]
  branch = "master"
  name = "github.com/rcrowley/go-metrics"
  packages = ["."]
  revision = "8732c616f52954686704c8645fe1a9d59e9df7c1"

[[projects]]
  name = "github.com/renstrom/dedent"
  packages = ["."]
  revision = "a1eba44eaecc89804e4b05ce2d17168eb353d524"
  version = "v1.0.0"

[[projects]]
  name = "github.com/rkt/rkt"
  packages = ["api/v1alpha"]
  revision = "6de500a70706403c8c611d80491aea64019141b0"
  version = "v1.29.0"

[[projects]]
  name = "github.com/safchain/ethtool"
  packages = ["."]
  revision = "7ff1ba29eca231991280817541cb3903f6be15d1"

[[projects]]
  name = "github.com/satori/go.uuid"
  packages = ["."]
  revision = "f58768cc1a7a7e77a3bd49e98cdd21419399b6a3"
  version = "v1.2.0"

[[projects]]
  name = "github.com/seccomp/libseccomp-golang"
  packages = ["."]
  revision = "e3496e3a417d1dc9ecdceca5af2513271fed37a0"
  version = "v0.9.0"

[[projects]]
  name = "github.com/sirupsen/logrus"
  packages = [
    ".",
    "hooks/syslog"
  ]
  revision = "d682213848ed68c0a260ca37d6dd5ace8423f5ba"
  version = "v1.0.4"

[[projects]]
  name = "github.com/spf13/afero"
  packages = [
    ".",
    "mem"
  ]
  revision = "bb8f1927f2a9d3ab41c9340aa034f6b803f4359c"
  version = "v1.0.2"

[[projects]]
  name = "github.com/spf13/pflag"
  packages = ["."]
  revision = "e57e3eeb33f795204c1ca35f56c44f83227c6e66"
  version = "v1.0.0"

[[projects]]
  branch = "master"
  name = "github.com/syndtr/gocapability"
  packages = ["capability"]
  revision = "db04d3cc01c8b54962a58ec7e491717d06cfcc16"

[[projects]]
  name = "github.com/tinylib/msgp"
  packages = ["msgp"]
  revision = "b2b6a672cf1e5b90748f79b8b81fc8c5cf0571a1"
  version = "1.0.2"

[[projects]]
  name = "github.com/ugorji/go"
  packages = ["codec"]
  revision = "ded73eae5db7e7a0ef6f55aace87a2873c5d2b74"

[[projects]]
  branch = "master"
  name = "github.com/unrolled/render"
  packages = ["."]
  revision = "65450fb6b2d3595beca39f969c411db8f8d5c806"

[[projects]]
  name = "github.com/urfave/cli"
  packages = ["."]
  revision = "cfb38830724cc34fedffe9a2a29fb54fa9169cd1"
  version = "v1.20.0"

[[projects]]
  branch = "master"
  name = "github.com/vishvananda/netlink"
  packages = [
    ".",
    "nl"
  ]
  revision = "a2af46a09c21dd8b727a0f8912e559b8b484144d"

[[projects]]
  branch = "master"
  name = "github.com/vishvananda/netns"
  packages = ["."]
  revision = "be1fbeda19366dea804f00efff2dd73a1642fdcc"

[[projects]]
  name = "github.com/wadey/gocovmerge"
  packages = ["."]
  revision = "b5bfa59ec0adc420475f97f89b58045c721d761c"

[[projects]]
  branch = "master"
  name = "go4.org"
  packages = ["errorutil"]
  revision = "fba789b7e39ba524b9e60c45c37a50fae63a2a09"

[[projects]]
  branch = "master"
  name = "golang.org/x/crypto"
  packages = [
    "bcrypt",
    "blowfish",
    "ssh/terminal"
  ]
  revision = "1875d0a70c90e57f11972aefd42276df65e895b9"

[[projects]]
  name = "golang.org/x/exp"
  packages = ["inotify"]
  revision = "292a51b8d262487dab23a588950e8052d63d9113"

[[projects]]
  branch = "master"
  name = "golang.org/x/net"
  packages = [
    "context",
    "context/ctxhttp",
    "html",
    "html/atom",
    "html/charset",
    "http2",
    "http2/hpack",
    "idna",
    "internal/timeseries",
    "lex/httplex",
    "proxy",
    "trace",
    "websocket"
  ]
  revision = "2fb46b16b8dda405028c50f7c7f0f9dd1fa6bfb1"

[[projects]]
  branch = "master"
  name = "golang.org/x/oauth2"
  packages = [
    ".",
    "internal",
    "jws",
    "jwt"
  ]
  revision = "a032972e28060ca4f5644acffae3dfc268cc09db"

[[projects]]
  branch = "master"
  name = "golang.org/x/sys"
  packages = [
    "unix",
    "windows"
  ]
  revision = "37707fdb30a5b38865cfb95e5aab41707daec7fd"

[[projects]]
  branch = "master"
  name = "golang.org/x/text"
  packages = [
    "collate",
    "collate/build",
    "encoding",
    "encoding/charmap",
    "encoding/htmlindex",
    "encoding/internal",
    "encoding/internal/identifier",
    "encoding/japanese",
    "encoding/korean",
    "encoding/simplifiedchinese",
    "encoding/traditionalchinese",
    "encoding/unicode",
    "internal/colltab",
    "internal/gen",
    "internal/tag",
    "internal/triegen",
    "internal/ucd",
    "internal/utf8internal",
    "language",
    "runes",
    "secure/bidirule",
    "transform",
    "unicode/bidi",
    "unicode/cldr",
    "unicode/norm",
    "unicode/rangetable",
    "width"
  ]
  revision = "e19ae1496984b1c655b8044a65c0300a3c878dd3"

[[projects]]
  branch = "master"
  name = "golang.org/x/tools"
  packages = ["cover"]
  revision = "66487607e2081c7c2af2281c62c14ee000d5024b"

[[projects]]
  branch = "master"
  name = "google.golang.org/api"
  packages = [
    "bigquery/v2",
    "gensupport",
    "googleapi",
    "googleapi/internal/uritemplates"
  ]
  revision = "d476d6e92dcf611f322cced73d8bd2842daff90b"

[[projects]]
  name = "google.golang.org/appengine"
  packages = [
    "internal",
    "internal/base",
    "internal/datastore",
    "internal/log",
    "internal/remote_api",
    "internal/urlfetch",
    "urlfetch"
  ]
  revision = "150dc57a1b433e64154302bdc40b6bb8aefa313a"
  version = "v1.0.0"

[[projects]]
  name = "google.golang.org/grpc"
  packages = [
    ".",
    "codes",
    "credentials",
    "grpclog",
    "internal",
    "keepalive",
    "metadata",
    "naming",
    "peer",
    "stats",
    "tap",
    "transport"
  ]
  revision = "8050b9cbc271307e5a716a9d782803d09b0d6f2d"
  version = "v1.2.1"

[[projects]]
  name = "gopkg.in/inf.v0"
  packages = ["."]
  revision = "3887ee99ecf07df5b447e9b00d9c0b2adaa9f3e4"
  version = "v0.9.0"

[[projects]]
  name = "gopkg.in/olivere/elastic.v2"
  packages = [
    ".",
    "backoff",
    "uritemplates"
  ]
  revision = "cdc8c0afbe6aeeb1b4a99aacb1a8ce9d6f985203"
  version = "v2.0.60"

[[projects]]
  branch = "v2"
  name = "gopkg.in/yaml.v2"
  packages = ["."]
  revision = "d670f9405373e636a5a2765eea47fac0c9bc91a4"

[[projects]]
  name = "k8s.io/api"
  packages = [
    "admissionregistration/v1alpha1",
    "apps/v1beta1",
    "apps/v1beta2",
    "authentication/v1",
    "authentication/v1beta1",
    "authorization/v1",
    "authorization/v1beta1",
    "autoscaling/v1",
    "autoscaling/v2beta1",
    "batch/v1",
    "batch/v1beta1",
    "batch/v2alpha1",
    "certificates/v1beta1",
    "core/v1",
    "extensions/v1beta1",
    "networking/v1",
    "policy/v1beta1",
    "rbac/v1",
    "rbac/v1alpha1",
    "rbac/v1beta1",
    "scheduling/v1alpha1",
    "settings/v1alpha1",
    "storage/v1",
    "storage/v1beta1"
  ]
  revision = "fe29995db37613b9c5b2a647544cf627bfa8d299"
  version = "kubernetes-1.8.0"

[[projects]]
  branch = "master"
  name = "k8s.io/apiextensions-apiserver"
  packages = ["pkg/features"]
  revision = "b357563e8dd364d1be52dbdc8457cd65badc427b"

[[projects]]
  name = "k8s.io/apimachinery"
  packages = [
    "pkg/api/equality",
    "pkg/api/errors",
    "pkg/api/meta",
    "pkg/api/resource",
    "pkg/api/validation",
    "pkg/api/validation/path",
    "pkg/apimachinery",
    "pkg/apimachinery/announced",
    "pkg/apimachinery/registered",
    "pkg/apis/meta/internalversion",
    "pkg/apis/meta/v1",
    "pkg/apis/meta/v1/unstructured",
    "pkg/apis/meta/v1/validation",
    "pkg/apis/meta/v1alpha1",
    "pkg/conversion",
    "pkg/conversion/queryparams",
    "pkg/conversion/unstructured",
    "pkg/fields",
    "pkg/labels",
    "pkg/runtime",
    "pkg/runtime/schema",
    "pkg/runtime/serializer",
    "pkg/runtime/serializer/json",
    "pkg/runtime/serializer/protobuf",
    "pkg/runtime/serializer/recognizer",
    "pkg/runtime/serializer/streaming",
    "pkg/runtime/serializer/versioning",
    "pkg/selection",
    "pkg/types",
    "pkg/util/cache",
    "pkg/util/clock",
    "pkg/util/diff",
    "pkg/util/errors",
    "pkg/util/framer",
    "pkg/util/httpstream",
    "pkg/util/httpstream/spdy",
    "pkg/util/intstr",
    "pkg/util/json",
    "pkg/util/mergepatch",
    "pkg/util/net",
    "pkg/util/rand",
    "pkg/util/remotecommand",
    "pkg/util/runtime",
    "pkg/util/sets",
    "pkg/util/strategicpatch",
    "pkg/util/uuid",
    "pkg/util/validation",
    "pkg/util/validation/field",
    "pkg/util/wait",
    "pkg/util/yaml",
    "pkg/version",
    "pkg/watch",
    "third_party/forked/golang/json",
    "third_party/forked/golang/netutil",
    "third_party/forked/golang/reflect"
  ]
  revision = "019ae5ada31de202164b118aee88ee2d14075c31"
  version = "kubernetes-1.8.0"

[[projects]]
  name = "k8s.io/apiserver"
  packages = [
    "pkg/apis/apiserver",
    "pkg/authentication/authenticator",
    "pkg/authentication/serviceaccount",
    "pkg/authentication/user",
    "pkg/authorization/authorizer",
    "pkg/features",
    "pkg/server/healthz",
    "pkg/server/httplog",
    "pkg/storage",
    "pkg/storage/etcd",
    "pkg/storage/etcd/metrics",
    "pkg/storage/etcd/util",
    "pkg/util/feature",
    "pkg/util/flag",
    "pkg/util/flushwriter",
    "pkg/util/trace",
    "pkg/util/wsstream"
  ]
  revision = "a35277792fddcf69f8cbbb8a9cb7727b23077409"

[[projects]]
  name = "k8s.io/client-go"
  packages = [
    "discovery",
    "kubernetes",
    "kubernetes/scheme",
    "kubernetes/typed/admissionregistration/v1alpha1",
    "kubernetes/typed/apps/v1beta1",
    "kubernetes/typed/apps/v1beta2",
    "kubernetes/typed/authentication/v1",
    "kubernetes/typed/authentication/v1beta1",
    "kubernetes/typed/authorization/v1",
    "kubernetes/typed/authorization/v1beta1",
    "kubernetes/typed/autoscaling/v1",
    "kubernetes/typed/autoscaling/v2beta1",
    "kubernetes/typed/batch/v1",
    "kubernetes/typed/batch/v1beta1",
    "kubernetes/typed/batch/v2alpha1",
    "kubernetes/typed/certificates/v1beta1",
    "kubernetes/typed/core/v1",
    "kubernetes/typed/extensions/v1beta1",
    "kubernetes/typed/networking/v1",
    "kubernetes/typed/policy/v1beta1",
    "kubernetes/typed/rbac/v1",
    "kubernetes/typed/rbac/v1alpha1",
    "kubernetes/typed/rbac/v1beta1",
    "kubernetes/typed/scheduling/v1alpha1",
    "kubernetes/typed/settings/v1alpha1",
    "kubernetes/typed/storage/v1",
    "kubernetes/typed/storage/v1beta1",
    "listers/core/v1",
    "pkg/version",
    "rest",
    "rest/watch",
    "tools/auth",
    "tools/cache",
    "tools/clientcmd",
    "tools/clientcmd/api",
    "tools/clientcmd/api/latest",
    "tools/clientcmd/api/v1",
    "tools/metrics",
    "tools/pager",
    "tools/record",
    "tools/reference",
    "tools/remotecommand",
    "transport",
    "transport/spdy",
    "util/cert",
    "util/exec",
    "util/flowcontrol",
    "util/homedir",
    "util/integer",
    "util/retry",
    "util/workqueue"
  ]
  revision = "82aa063804cf055e16e8911250f888bc216e8b61"

[[projects]]
  branch = "master"
  name = "k8s.io/kube-openapi"
  packages = ["pkg/common"]
  revision = "275e2ce91dec4c05a4094a7b1daee5560b555ac9"

[[projects]]
  name = "k8s.io/kubernetes"
  packages = [
    "cmd/kubelet/app/options",
    "pkg/api",
    "pkg/api/helper",
    "pkg/api/install",
    "pkg/api/service",
    "pkg/api/util",
    "pkg/api/v1",
    "pkg/api/v1/helper",
    "pkg/api/v1/helper/qos",
    "pkg/api/v1/pod",
    "pkg/api/v1/resource",
    "pkg/api/v1/validation",
    "pkg/api/validation",
    "pkg/apis/componentconfig",
    "pkg/apis/extensions",
    "pkg/apis/extensions/validation",
    "pkg/apis/networking",
    "pkg/apis/scheduling",
    "pkg/capabilities",
    "pkg/cloudprovider",
    "pkg/controller",
    "pkg/controller/volume/expand/cache",
    "pkg/controller/volume/expand/util",
    "pkg/credentialprovider",
    "pkg/features",
    "pkg/fieldpath",
    "pkg/kubelet",
    "pkg/kubelet/apis",
    "pkg/kubelet/apis/cri",
    "pkg/kubelet/apis/cri/v1alpha1/runtime",
    "pkg/kubelet/apis/deviceplugin/v1alpha1",
    "pkg/kubelet/apis/kubeletconfig",
    "pkg/kubelet/apis/kubeletconfig/scheme",
    "pkg/kubelet/apis/kubeletconfig/v1alpha1",
    "pkg/kubelet/apis/kubeletconfig/validation",
    "pkg/kubelet/apis/stats/v1alpha1",
    "pkg/kubelet/cadvisor",
    "pkg/kubelet/certificate",
    "pkg/kubelet/cm",
    "pkg/kubelet/cm/cpumanager",
    "pkg/kubelet/cm/cpumanager/state",
    "pkg/kubelet/cm/cpumanager/topology",
    "pkg/kubelet/cm/cpuset",
    "pkg/kubelet/cm/util",
    "pkg/kubelet/config",
    "pkg/kubelet/configmap",
    "pkg/kubelet/container",
    "pkg/kubelet/deviceplugin",
    "pkg/kubelet/dockershim",
    "pkg/kubelet/dockershim/cm",
    "pkg/kubelet/dockershim/errors",
    "pkg/kubelet/dockershim/libdocker",
    "pkg/kubelet/dockershim/remote",
    "pkg/kubelet/envvars",
    "pkg/kubelet/events",
    "pkg/kubelet/eviction",
    "pkg/kubelet/eviction/api",
    "pkg/kubelet/gpu",
    "pkg/kubelet/gpu/nvidia",
    "pkg/kubelet/images",
    "pkg/kubelet/kubeletconfig",
    "pkg/kubelet/kubeletconfig/checkpoint",
    "pkg/kubelet/kubeletconfig/checkpoint/store",
    "pkg/kubelet/kubeletconfig/configfiles",
    "pkg/kubelet/kubeletconfig/status",
    "pkg/kubelet/kubeletconfig/util/codec",
    "pkg/kubelet/kubeletconfig/util/equal",
    "pkg/kubelet/kubeletconfig/util/files",
    "pkg/kubelet/kubeletconfig/util/log",
    "pkg/kubelet/kubeletconfig/util/panic",
    "pkg/kubelet/kuberuntime",
    "pkg/kubelet/leaky",
    "pkg/kubelet/lifecycle",
    "pkg/kubelet/metrics",
    "pkg/kubelet/network",
    "pkg/kubelet/network/cni",
    "pkg/kubelet/network/hairpin",
    "pkg/kubelet/network/hostport",
    "pkg/kubelet/network/kubenet",
    "pkg/kubelet/pleg",
    "pkg/kubelet/pod",
    "pkg/kubelet/preemption",
    "pkg/kubelet/prober",
    "pkg/kubelet/prober/results",
    "pkg/kubelet/qos",
    "pkg/kubelet/remote",
    "pkg/kubelet/rkt",
    "pkg/kubelet/secret",
    "pkg/kubelet/server",
    "pkg/kubelet/server/portforward",
    "pkg/kubelet/server/remotecommand",
    "pkg/kubelet/server/stats",
    "pkg/kubelet/server/streaming",
    "pkg/kubelet/stats",
    "pkg/kubelet/status",
    "pkg/kubelet/sysctl",
    "pkg/kubelet/types",
    "pkg/kubelet/util",
    "pkg/kubelet/util/cache",
    "pkg/kubelet/util/format",
    "pkg/kubelet/util/ioutils",
    "pkg/kubelet/util/queue",
    "pkg/kubelet/util/sliceutils",
    "pkg/kubelet/volumemanager",
    "pkg/kubelet/volumemanager/cache",
    "pkg/kubelet/volumemanager/populator",
    "pkg/kubelet/volumemanager/reconciler",
    "pkg/master/ports",
    "pkg/probe",
    "pkg/probe/exec",
    "pkg/probe/http",
    "pkg/probe/tcp",
    "pkg/proxy",
    "pkg/proxy/healthcheck",
    "pkg/proxy/iptables",
    "pkg/proxy/util",
    "pkg/security/apparmor",
    "pkg/security/podsecuritypolicy/seccomp",
    "pkg/security/podsecuritypolicy/util",
    "pkg/securitycontext",
    "pkg/serviceaccount",
    "pkg/util/async",
    "pkg/util/bandwidth",
    "pkg/util/config",
    "pkg/util/configz",
    "pkg/util/dbus",
    "pkg/util/ebtables",
    "pkg/util/file",
    "pkg/util/filesystem",
    "pkg/util/goroutinemap/exponentialbackoff",
    "pkg/util/hash",
    "pkg/util/interrupt",
    "pkg/util/io",
    "pkg/util/iptables",
    "pkg/util/limitwriter",
    "pkg/util/mount",
    "pkg/util/net/sets",
    "pkg/util/node",
    "pkg/util/oom",
    "pkg/util/parsers",
    "pkg/util/pointer",
    "pkg/util/procfs",
    "pkg/util/removeall",
    "pkg/util/selinux",
    "pkg/util/strings",
    "pkg/util/sysctl",
    "pkg/util/tail",
    "pkg/util/taints",
    "pkg/util/term",
    "pkg/util/version",
    "pkg/version",
    "pkg/volume",
    "pkg/volume/util",
    "pkg/volume/util/nestedpendingoperations",
    "pkg/volume/util/operationexecutor",
    "pkg/volume/util/types",
    "pkg/volume/util/volumehelper",
    "pkg/volume/validation",
    "plugin/pkg/scheduler/algorithm",
    "plugin/pkg/scheduler/algorithm/predicates",
    "plugin/pkg/scheduler/algorithm/priorities/util",
    "plugin/pkg/scheduler/api",
    "plugin/pkg/scheduler/schedulercache",
    "plugin/pkg/scheduler/util",
    "third_party/forked/golang/expansion"
  ]
  revision = "0b9efaeb34a2fc51ff8e4d34ad9bc6375459c4a4"
  version = "v1.8.0"

[[projects]]
  branch = "master"
  name = "k8s.io/metrics"
  packages = [
    "pkg/apis/metrics",
    "pkg/apis/metrics/v1alpha1",
    "pkg/apis/metrics/v1beta1",
    "pkg/client/clientset_generated/clientset",
    "pkg/client/clientset_generated/clientset/scheme",
    "pkg/client/clientset_generated/clientset/typed/metrics/v1alpha1",
    "pkg/client/clientset_generated/clientset/typed/metrics/v1beta1"
  ]
  revision = "7619a6675e2689251ee22bcc56195dc52179f706"

[[projects]]
  branch = "master"
  name = "k8s.io/utils"
  packages = ["exec"]
  revision = "a99a3e11a96751670db62ba77c6d278d1136931e"

[solve-meta]
  analyzer-name = "dep"
  analyzer-version = 1
  inputs-digest = "2d9222f082f42740a4cbc9630dddcff1f13c8f05763bb43b517ccc3fa1111e88"
  solver-name = "gps-cdcl"
  solver-version = 1
