# This file is autogenerated, do not edit; changes may be undone by the next 'dep ensure'.


[[projects]]
  name = "cloud.google.com/go"
  packages = ["compute/metadata"]
  revision = "64a2037ec6be8a4b0c1d1f706ed35b428b989239"
  version = "v0.26.0"

[[projects]]
  branch = "master"
  name = "git.fd.io/govpp.git"
  packages = [
    "adapter",
    "adapter/mock",
    "adapter/mock/binapi",
    "adapter/vppapiclient",
    "api",
    "codec",
    "core"
  ]
  revision = "6b350c65fe0ec845cecf58bfb41ffc63dc9c04f7"
  source = "github.com/FDio/govpp"

[[projects]]
  branch = "master"
  name = "github.com/Azure/go-ansiterm"
  packages = [
    ".",
    "winterm"
  ]
  revision = "d6e3b3328b783f23731bc4d058875b0371ff8109"

[[projects]]
  name = "github.com/Microsoft/go-winio"
  packages = ["."]
  revision = "97e4973ce50b2ff5f09635a57e2b88a037aae829"
  version = "v0.4.11"

[[projects]]
  branch = "master"
  name = "github.com/Nvveen/Gotty"
  packages = ["."]
  revision = "cd527374f1e5bff4938207604a14f2e38a9cf512"

[[projects]]
  name = "github.com/Shopify/sarama"
  packages = ["."]
  revision = "35324cf48e33d8260e1c7c18854465a904ade249"
  version = "v1.17.0"

[[projects]]
  name = "github.com/abbot/go-http-auth"
  packages = ["."]
  revision = "0ddd408d5d60ea76e320503cc7dd091992dee608"
  version = "v0.4.0"

[[projects]]
  name = "github.com/apparentlymart/go-cidr"
  packages = ["cidr"]
  revision = "2bd8b58cf4275aeb086ade613de226773e29e853"

[[projects]]
  name = "github.com/aws/aws-sdk-go"
  packages = [
    "aws",
    "aws/awserr",
    "aws/awsutil",
    "aws/client",
    "aws/client/metadata",
    "aws/corehandlers",
    "aws/credentials",
    "aws/credentials/ec2rolecreds",
    "aws/credentials/endpointcreds",
    "aws/credentials/stscreds",
    "aws/csm",
    "aws/defaults",
    "aws/ec2metadata",
    "aws/endpoints",
    "aws/request",
    "aws/session",
    "aws/signer/v4",
    "internal/sdkio",
    "internal/sdkrand",
    "internal/sdkuri",
    "internal/shareddefaults",
    "private/protocol",
    "private/protocol/query",
    "private/protocol/query/queryutil",
    "private/protocol/rest",
    "private/protocol/xml/xmlutil",
    "service/sts"
  ]
  revision = "4324bc9d8865bdb3e6aa86ec7772ca1272d2750e"
  version = "v1.15.21"

[[projects]]
  branch = "master"
  name = "github.com/beorn7/perks"
  packages = ["quantile"]
  revision = "3a771d992973f24aa725d07868b467d1ddfceafb"

[[projects]]
  name = "github.com/blang/semver"
  packages = ["."]
  revision = "2ee87856327ba09384cabd113bc6b5d174e9ec0f"
  version = "v3.5.1"

[[projects]]
  branch = "master"
  name = "github.com/boltdb/bolt"
  packages = ["."]
  revision = "fd01fc79c553a8e99d512a07e8e0c63d4a3ccfc5"

[[projects]]
  name = "github.com/bshuster-repo/logrus-logstash-hook"
  packages = ["."]
  revision = "dbc1e22735aa6ed7bd9579a407c17bc7c4a4e046"
  version = "v0.4.1"

[[projects]]
  branch = "master"
  name = "github.com/containerd/continuity"
  packages = ["pathdriver"]
  revision = "c7c5070e6f6e090ab93b0a61eb921f2196fc3383"

[[projects]]
  name = "github.com/containernetworking/cni"
  packages = [
    "pkg/skel",
    "pkg/types",
    "pkg/types/020",
    "pkg/types/current",
    "pkg/version"
  ]
  revision = "a7885cb6f8ab03fba07852ded351e4f5e7a112bf"
  version = "v0.6.0"

[[projects]]
  name = "github.com/coreos/etcd"
  packages = [
    "auth/authpb",
    "clientv3",
    "clientv3/namespace",
    "etcdserver/api/v3rpc/rpctypes",
    "etcdserver/etcdserverpb",
    "mvcc/mvccpb",
    "pkg/tlsutil",
    "pkg/types"
  ]
  revision = "fca8add78a9d926166eb739b8e4a124434025ba3"
  version = "v3.3.9"

[[projects]]
  name = "github.com/coreos/go-systemd"
  packages = [
    "activation",
    "dbus",
    "util"
  ]
  revision = "39ca1b05acc7ad1220e09f133283b8859a8b71ab"
  version = "v17"

[[projects]]
  name = "github.com/coreos/pkg"
  packages = ["dlopen"]
  revision = "97fdf19511ea361ae1c100dd393cc47f8dcfa1e1"
  version = "v4"

[[projects]]
  name = "github.com/coreos/rkt"
  packages = ["api/v1alpha"]
  revision = "e04dd994baa1051f1205578d12d69eec83dbb905"
  version = "v1.30.0"

[[projects]]
  name = "github.com/davecgh/go-spew"
  packages = ["spew"]
  revision = "8991bc29aa16c548c550c7ff78260e27b9ab7c73"
  version = "v1.1.1"

[[projects]]
  name = "github.com/docker/distribution"
  packages = [
    ".",
    "context",
    "digestset",
    "reference",
    "uuid"
  ]
  revision = "edc3ab29cdff8694dd6feb85cfeb4b5f1b38ed9c"

[[projects]]
  name = "github.com/docker/docker"
  packages = [
    "api",
    "api/types",
    "api/types/blkiodev",
    "api/types/container",
    "api/types/filters",
    "api/types/mount",
    "api/types/network",
    "api/types/registry",
    "api/types/strslice",
    "api/types/swarm",
    "api/types/swarm/runtime",
    "api/types/versions",
    "opts",
    "pkg/fileutils",
    "pkg/homedir",
    "pkg/idtools",
    "pkg/ioutils",
    "pkg/longpath",
    "pkg/mount",
    "pkg/pools",
    "pkg/stdcopy",
    "pkg/symlink",
    "pkg/system",
    "pkg/term",
    "pkg/term/windows"
  ]
  revision = "3dfb26ab3cbf961298f8ce3f94659b5fe4146ceb"

[[projects]]
  name = "github.com/docker/engine-api"
  packages = [
    "client",
    "client/transport",
    "client/transport/cancellable",
    "types",
    "types/blkiodev",
    "types/container",
    "types/filters",
    "types/network",
    "types/reference",
    "types/registry",
    "types/strslice",
    "types/swarm",
    "types/time",
    "types/versions"
  ]
  revision = "3d1601b9d2436a70b0dfc045a23f6503d19195df"
  version = "v0.4.0"

[[projects]]
  name = "github.com/docker/go-connections"
  packages = [
    "nat",
    "sockets",
    "tlsconfig"
  ]
  revision = "7395e3f8aa162843a74ed6d48e79627d9792ac55"
  version = "v0.4.0"

[[projects]]
  name = "github.com/docker/go-units"
  packages = ["."]
  revision = "47565b4f722fb6ceae66b95f853feed578a4a51c"
  version = "v0.3.3"

[[projects]]
  name = "github.com/docker/libnetwork"
  packages = ["ipamutils"]
  revision = "9ffeaf7d8b64fa0eb64cc27835dc1a5a90328024"

[[projects]]
  name = "github.com/docker/swarmkit"
  packages = ["."]
  revision = "8bdecc57887ffc598b63d6433f58e0d2852112c3"
  source = "https://github.com/dmcgowan/swarmkit.git"

[[projects]]
  name = "github.com/eapache/go-resiliency"
  packages = ["breaker"]
  revision = "ea41b0fad31007accc7f806884dcdf3da98b79ce"
  version = "v1.1.0"

[[projects]]
  branch = "master"
  name = "github.com/eapache/go-xerial-snappy"
  packages = ["."]
  revision = "776d5712da21bc4762676d614db1d8a64f4238b0"

[[projects]]
  name = "github.com/eapache/queue"
  packages = ["."]
  revision = "44cc805cf13205b55f69e14bcb69867d1ae92f98"
  version = "v1.1.0"

[[projects]]
  name = "github.com/elazarl/go-bindata-assetfs"
  packages = ["."]
  revision = "30f82fa23fd844bd5bb1e5f216db87fd77b5eb43"
  version = "v1.0.0"

[[projects]]
  name = "github.com/euank/go-kmsg-parser"
  packages = ["kmsgparser"]
  revision = "5ba4d492e455a77d25dcf0d2c4acc9f2afebef4e"
  version = "v2.0.0"

[[projects]]
  name = "github.com/evalphobia/logrus_fluent"
  packages = ["."]
  revision = "76779e73f35d90f5a873e7feaf6691999b2c5db4"
  version = "v0.4.0"

[[projects]]
  name = "github.com/fluent/fluent-logger-golang"
  packages = ["fluent"]
  revision = "8bbc2356beaf021b04c9bd5cdc76ea5a7ccb40ec"
  version = "v1.3.0"

[[projects]]
  name = "github.com/fsnotify/fsnotify"
  packages = ["."]
  revision = "c2828203cd70a50dcccfb2761f8b1f8ceef9a8e9"
  version = "v1.4.7"

[[projects]]
  name = "github.com/fsouza/go-dockerclient"
  packages = [
    ".",
    "internal/archive",
    "internal/jsonmessage",
    "internal/term"
  ]
  revision = "8842d40dbf5ee062d80f9dc429db31a0fe0cdc73"
  version = "v1.2.2"

[[projects]]
  name = "github.com/garyburd/redigo"
  packages = [
    "internal",
    "redis"
  ]
  revision = "a69d19351219b6dd56f274f96d85a7014a2ec34e"
  version = "v1.6.0"

[[projects]]
  name = "github.com/ghodss/yaml"
  packages = ["."]
  revision = "0ca9ea5df5451ffdf184b4428c902747c2c11cd7"
  version = "v1.0.0"

[[projects]]
  name = "github.com/go-errors/errors"
  packages = ["."]
  revision = "a6af135bd4e28680facf08a3d206b454abc877a4"
  version = "v1.0.1"

[[projects]]
  name = "github.com/go-ini/ini"
  packages = ["."]
  revision = "358ee7663966325963d4e8b2e1fbd570c5195153"
  version = "v1.38.1"

[[projects]]
  name = "github.com/godbus/dbus"
  packages = ["."]
  revision = "a389bdde4dd695d414e47b755e95e72b7826432c"
  version = "v4.1.0"

[[projects]]
  name = "github.com/gogo/protobuf"
  packages = [
    "gogoproto",
    "proto",
    "protoc-gen-gogo/descriptor",
    "sortkeys"
  ]
  revision = "342cbe0a04158f6dcb03ca0079991a51a4248c02"
  version = "v0.5"

[[projects]]
  branch = "master"
  name = "github.com/golang/glog"
  packages = ["."]
  revision = "23def4e6c14b4da8ac2ed8007337bc5eb5007998"

[[projects]]
  branch = "master"
  name = "github.com/golang/protobuf"
  packages = [
    "proto",
    "ptypes",
    "ptypes/any",
    "ptypes/duration",
    "ptypes/timestamp"
  ]
  revision = "aa810b61a9c79d51363740d207bb46cf8e620ed5"

[[projects]]
  branch = "master"
  name = "github.com/golang/snappy"
  packages = ["."]
  revision = "2e65f85255dbc3072edf28d6b5b8efc472979f5a"

[[projects]]
  branch = "master"
  name = "github.com/google/btree"
  packages = ["."]
  revision = "4030bb1f1f0c35b30ca7009e9ebd06849dd45306"

[[projects]]
  name = "github.com/google/cadvisor"
  packages = [
    ".",
    "api",
    "cache/memory",
    "collector",
    "container",
    "container/common",
    "container/crio",
    "container/docker",
    "container/libcontainer",
    "container/raw",
    "container/rkt",
    "container/systemd",
    "devicemapper",
    "events",
    "fs",
    "healthz",
    "http",
    "http/mux",
    "info/v1",
    "info/v2",
    "machine",
    "manager",
    "manager/watcher",
    "manager/watcher/raw",
    "manager/watcher/rkt",
    "metrics",
    "pages",
    "pages/static",
    "storage",
    "storage/bigquery",
    "storage/bigquery/client",
    "storage/elasticsearch",
    "storage/influxdb",
    "storage/kafka",
    "storage/redis",
    "storage/statsd",
    "storage/statsd/client",
    "storage/stdout",
    "summary",
    "utils",
    "utils/cloudinfo",
    "utils/container",
    "utils/cpuload",
    "utils/cpuload/netlink",
    "utils/docker",
    "utils/oomparser",
    "utils/sysfs",
    "utils/sysinfo",
    "validate",
    "version",
    "zfs"
  ]
  revision = "cda62a43857256fbc95dd31e7c810888f00f8ec7"

[[projects]]
  branch = "master"
  name = "github.com/google/gofuzz"
  packages = ["."]
  revision = "24818f796faf91cd76ec7bddd72458fbced7a6c1"

[[projects]]
  name = "github.com/googleapis/gnostic"
  packages = [
    "OpenAPIv2",
    "compiler",
    "extensions"
  ]
  revision = "7c663266750e7d82587642f65e60bc4083f1f84e"
  version = "v0.2.0"

[[projects]]
  name = "github.com/gorilla/context"
  packages = ["."]
  revision = "08b5f424b9271eedf6f9f0ce86cb9396ed337a42"
  version = "v1.1.1"

[[projects]]
  name = "github.com/gorilla/mux"
  packages = ["."]
  revision = "e3702bed27f0d39777b0b37b664b6280e8ef8fbf"
  version = "v1.6.2"

[[projects]]
  branch = "master"
  name = "github.com/gregjones/httpcache"
  packages = [
    ".",
    "diskcache"
  ]
  revision = "9cad4c3443a7200dd6400aef47183728de563a38"

[[projects]]
  branch = "master"
  name = "github.com/hashicorp/golang-lru"
  packages = [
    ".",
    "simplelru"
  ]
  revision = "0fb14efe8c47ae851c0034ed7a448854d3d34cf3"

[[projects]]
  name = "github.com/imdario/mergo"
  packages = ["."]
  revision = "9f23e2d6bd2a77f959b2bf6acdbefd708a83a4a4"
  version = "v0.3.6"

[[projects]]
  name = "github.com/inconshreveable/mousetrap"
  packages = ["."]
  revision = "76626ae9c91c4f2a10f34cad8ce83ea42c93bb75"
  version = "v1.0"

[[projects]]
  name = "github.com/influxdb/influxdb"
  packages = [
    "client",
    "models",
    "pkg/escape"
  ]
  revision = "f55169eaca706f78e2d66edb0b8e62861712a747"
  version = "v0.10.3"

[[projects]]
  name = "github.com/jmespath/go-jmespath"
  packages = ["."]
  revision = "0b12d6b5"

[[projects]]
  name = "github.com/json-iterator/go"
  packages = ["."]
  revision = "1624edc4454b8682399def8740d46db5e4362ba4"
  version = "1.1.5"

[[projects]]
  branch = "master"
  name = "github.com/kolo/xmlrpc"
  packages = ["."]
  revision = "959962c1b48bbdbfbba4d59d58a8c15ff3fb9b22"

[[projects]]
  branch = "master"
  name = "github.com/ligato/cn-infra"
  packages = [
    "agent",
    "config",
    "datasync",
    "datasync/kvdbsync",
    "datasync/kvdbsync/local",
    "datasync/resync",
    "datasync/syncbase",
    "db/keyval",
    "db/keyval/bolt",
    "db/keyval/etcd",
    "db/keyval/kvproto",
    "health/probe",
    "health/statuscheck",
    "health/statuscheck/model/status",
    "idxmap",
    "idxmap/mem",
    "infra",
    "logging",
    "logging/logmanager",
    "logging/logrus",
    "logging/measure",
    "messaging",
    "rpc/grpc",
    "rpc/prometheus",
    "rpc/rest",
    "servicelabel",
    "utils/addrs",
    "utils/once",
    "utils/safeclose"
  ]
  revision = "c38d7aed2392ab17d956c3e9f4436e1eb280a28a"

[[projects]]
  name = "github.com/ligato/vpp-agent"
  packages = [
    "clientv1/linux",
    "clientv1/linux/dbadapter",
    "clientv1/linux/localclient",
    "clientv1/vpp",
    "clientv1/vpp/dbadapter",
    "idxvpp",
    "idxvpp/cacheutil",
    "idxvpp/nametoidx",
    "plugins/govppmux",
    "plugins/govppmux/vppcalls",
    "plugins/linux",
    "plugins/linux/ifplugin",
    "plugins/linux/ifplugin/ifaceidx",
    "plugins/linux/ifplugin/linuxcalls",
    "plugins/linux/l3plugin",
    "plugins/linux/l3plugin/l3idx",
    "plugins/linux/l3plugin/linuxcalls",
    "plugins/linux/model/interfaces",
    "plugins/linux/model/l3",
    "plugins/linux/nsplugin",
    "plugins/rest",
    "plugins/rest/resturl",
    "plugins/telemetry",
    "plugins/vpp",
    "plugins/vpp/aclplugin",
    "plugins/vpp/aclplugin/aclidx",
    "plugins/vpp/aclplugin/vppcalls",
    "plugins/vpp/binapi/acl",
    "plugins/vpp/binapi/af_packet",
    "plugins/vpp/binapi/bfd",
    "plugins/vpp/binapi/dhcp",
    "plugins/vpp/binapi/interfaces",
    "plugins/vpp/binapi/ip",
    "plugins/vpp/binapi/ipsec",
    "plugins/vpp/binapi/l2",
    "plugins/vpp/binapi/memif",
    "plugins/vpp/binapi/nat",
    "plugins/vpp/binapi/session",
    "plugins/vpp/binapi/sr",
    "plugins/vpp/binapi/stats",
    "plugins/vpp/binapi/stn",
    "plugins/vpp/binapi/tap",
    "plugins/vpp/binapi/tapv2",
    "plugins/vpp/binapi/vpe",
    "plugins/vpp/binapi/vxlan",
    "plugins/vpp/ifplugin",
    "plugins/vpp/ifplugin/ifaceidx",
    "plugins/vpp/ifplugin/vppcalls",
    "plugins/vpp/ipsecplugin",
    "plugins/vpp/ipsecplugin/ipsecidx",
    "plugins/vpp/ipsecplugin/vppcalls",
    "plugins/vpp/l2plugin",
    "plugins/vpp/l2plugin/l2idx",
    "plugins/vpp/l2plugin/vppcalls",
    "plugins/vpp/l3plugin",
    "plugins/vpp/l3plugin/l3idx",
    "plugins/vpp/l3plugin/vppcalls",
    "plugins/vpp/l4plugin",
    "plugins/vpp/l4plugin/nsidx",
    "plugins/vpp/l4plugin/vppcalls",
    "plugins/vpp/model/acl",
    "plugins/vpp/model/bfd",
    "plugins/vpp/model/interfaces",
    "plugins/vpp/model/ipsec",
    "plugins/vpp/model/l2",
    "plugins/vpp/model/l3",
    "plugins/vpp/model/l4",
    "plugins/vpp/model/nat",
    "plugins/vpp/model/rpc",
    "plugins/vpp/model/srv6",
    "plugins/vpp/model/stn",
    "plugins/vpp/rpc",
    "plugins/vpp/srplugin",
    "plugins/vpp/srplugin/cache",
    "plugins/vpp/srplugin/vppcalls"
  ]
  revision = "768642e56e651a46619274585c3245b549bb32a4"

[[projects]]
  branch = "master"
  name = "github.com/lunixbochs/struc"
  packages = ["."]
  revision = "02e4c2afbb2ac4bae6876f52c8273fc4cf5a4b0a"

[[projects]]
  name = "github.com/matttproud/golang_protobuf_extensions"
  packages = ["pbutil"]
  revision = "c12348ce28de40eed0136aa2b644d0ee0650e56c"
  version = "v1.0.1"

[[projects]]
  name = "github.com/mistifyio/go-zfs"
  packages = ["."]
  revision = "cdc0f941c4d0e0e94d85348285568d921891e138"
  version = "v2.1.1"

[[projects]]
  name = "github.com/modern-go/concurrent"
  packages = ["."]
  revision = "bacd9c7ef1dd9b15be4a9909b8ac7a4e313eec94"
  version = "1.0.3"

[[projects]]
  name = "github.com/modern-go/reflect2"
  packages = ["."]
  revision = "4b7aa43c6742a2c18fdef89dd197aaae7dac7ccd"
  version = "1.0.1"

[[projects]]
  branch = "master"
  name = "github.com/mrunalp/fileutils"
  packages = ["."]
  revision = "7d4729fb36185a7c1719923406c9d40e54fb93c7"

[[projects]]
  name = "github.com/namsral/flag"
  packages = ["."]
  revision = "71ceffbeb0ba60fccc853971bb3ed4d7d90bfd04"
  version = "v1.7.4-pre"

[[projects]]
  name = "github.com/nerdtakula/supervisor"
  packages = ["."]
  revision = "857e93729bfa62df91dcdd3d36c9ac7036edf20a"

[[projects]]
  name = "github.com/onsi/gomega"
  packages = [
    ".",
    "format",
    "internal/assertion",
    "internal/asyncassertion",
    "internal/oraclematcher",
    "internal/testingtsupport",
    "matchers",
    "matchers/support/goraph/bipartitegraph",
    "matchers/support/goraph/edge",
    "matchers/support/goraph/node",
    "matchers/support/goraph/util",
    "types"
  ]
  revision = "b6ea1ea48f981d0f615a154a45eabb9dd466556d"
  version = "v1.4.1"

[[projects]]
  name = "github.com/opencontainers/go-digest"
  packages = ["."]
  revision = "279bed98673dd5bef374d3b6e4b09e2af76183bf"
  version = "v1.0.0-rc1"

[[projects]]
  name = "github.com/opencontainers/image-spec"
  packages = [
    "specs-go",
    "specs-go/v1"
  ]
  revision = "d60099175f88c47cd379c4738d158884749ed235"
  version = "v1.0.1"

[[projects]]
  name = "github.com/opencontainers/runc"
  packages = [
    ".",
    "libcontainer",
    "libcontainer/apparmor",
    "libcontainer/cgroups",
    "libcontainer/cgroups/fs",
    "libcontainer/cgroups/rootless",
    "libcontainer/cgroups/systemd",
    "libcontainer/configs",
    "libcontainer/configs/validate",
    "libcontainer/criurpc",
    "libcontainer/keys",
    "libcontainer/nsenter",
    "libcontainer/seccomp",
    "libcontainer/specconv",
    "libcontainer/stacktrace",
    "libcontainer/system",
    "libcontainer/user",
    "libcontainer/utils"
  ]
  revision = "1c81e2a794c6e26a4c650142ae8893c47f619764"

[[projects]]
  name = "github.com/opencontainers/runtime-spec"
  packages = ["specs-go"]
  revision = "4e3b9264a330d094b0386c3703c5f379119711e8"
  version = "v1.0.1"

[[projects]]
  name = "github.com/opencontainers/selinux"
  packages = [
    "go-selinux",
    "go-selinux/label"
  ]
  revision = "ba1aefe8057f1d0cfb8e88d0ec1dc85925ef987d"
  version = "v1.0.0-rc1"

[[projects]]
  branch = "master"
  name = "github.com/petar/GoLLRB"
  packages = ["llrb"]
  revision = "53be0d36a84c2a886ca057d34b6aa4468df9ccb4"

[[projects]]
  name = "github.com/peterbourgon/diskv"
  packages = ["."]
  revision = "5f041e8faa004a95c88a202771f4cc3e991971e6"
  version = "v2.0.1"

[[projects]]
  name = "github.com/philhofer/fwd"
  packages = ["."]
  revision = "bb6d471dc95d4fe11e432687f8b70ff496cf3136"
  version = "v1.0.0"

[[projects]]
  name = "github.com/pierrec/lz4"
  packages = [
    ".",
    "internal/xxh32"
  ]
  revision = "1958fd8fff7f115e79725b1288e0b878b3e06b00"
  version = "v2.0.3"

[[projects]]
  name = "github.com/pkg/errors"
  packages = ["."]
  revision = "645ef00459ed84a119197bfb8d8205042c6df63d"
  version = "v0.8.0"

[[projects]]
  name = "github.com/prometheus/client_golang"
  packages = [
    "prometheus",
    "prometheus/promhttp"
  ]
  revision = "c5b7fccd204277076155f10851dad72b76a49317"
  version = "v0.8.0"

[[projects]]
  branch = "master"
  name = "github.com/prometheus/client_model"
  packages = ["go"]
  revision = "5c3871d89910bfb32f5fcab2aa4b9ec68e65a99f"

[[projects]]
  branch = "master"
  name = "github.com/prometheus/common"
  packages = [
    "expfmt",
    "internal/bitbucket.org/ww/goautoneg",
    "model"
  ]
  revision = "c7de2306084e37d54b8be01f3541a8464345e9a5"

[[projects]]
  branch = "master"
  name = "github.com/prometheus/procfs"
  packages = [
    ".",
    "internal/util",
    "nfs",
    "xfs"
  ]
  revision = "05ee40e3a273f7245e8777337fc7b46e533a9a92"

[[projects]]
  branch = "master"
  name = "github.com/rcrowley/go-metrics"
  packages = ["."]
  revision = "e2704e165165ec55d062f5919b4b29494e9fa790"

[[projects]]
  name = "github.com/rkt/rkt"
  packages = ["api/v1alpha"]
  revision = "e04dd994baa1051f1205578d12d69eec83dbb905"
  version = "v1.30.0"

[[projects]]
  name = "github.com/safchain/ethtool"
  packages = ["."]
  revision = "7ff1ba29eca231991280817541cb3903f6be15d1"

[[projects]]
  name = "github.com/satori/go.uuid"
  packages = ["."]
  revision = "f58768cc1a7a7e77a3bd49e98cdd21419399b6a3"
  version = "v1.2.0"

[[projects]]
  name = "github.com/seccomp/libseccomp-golang"
  packages = ["."]
  revision = "e3496e3a417d1dc9ecdceca5af2513271fed37a0"
  version = "v0.9.0"

[[projects]]
  name = "github.com/sirupsen/logrus"
  packages = [
    ".",
    "hooks/syslog"
  ]
  revision = "3e01752db0189b9157070a0e1668a620f9a85da2"
  version = "v1.0.6"

[[projects]]
  name = "github.com/spf13/cobra"
  packages = ["."]
  revision = "ef82de70bb3f60c65fb8eebacbb2d122ef517385"
  version = "v0.0.3"

[[projects]]
  name = "github.com/spf13/pflag"
  packages = ["."]
  revision = "9a97c102cda95a86cec2345a6f09f55a939babf5"
  version = "v1.0.2"

[[projects]]
  branch = "master"
  name = "github.com/syndtr/gocapability"
  packages = ["capability"]
  revision = "33e07d32887e1e06b7c025f27ce52f62c7990bc0"

[[projects]]
  name = "github.com/tinylib/msgp"
  packages = ["msgp"]
  revision = "b2b6a672cf1e5b90748f79b8b81fc8c5cf0571a1"
  version = "1.0.2"

[[projects]]
  name = "github.com/ugorji/go"
  packages = ["codec"]
  revision = "ded73eae5db7e7a0ef6f55aace87a2873c5d2b74"

[[projects]]
  branch = "master"
  name = "github.com/unrolled/render"
  packages = ["."]
  revision = "4206df6ff70175d219fdb4672ae157fbed820103"

[[projects]]
  name = "github.com/urfave/cli"
  packages = ["."]
  revision = "cfb38830724cc34fedffe9a2a29fb54fa9169cd1"
  version = "v1.20.0"

[[projects]]
  branch = "master"
  name = "github.com/vishvananda/netlink"
  packages = [
    ".",
    "nl"
  ]
  revision = "8aa85bfa77a45236ae842cab3a91853e2b74e07a"

[[projects]]
  branch = "master"
  name = "github.com/vishvananda/netns"
  packages = ["."]
  revision = "13995c7128ccc8e51e9a6bd2b551020a27180abd"

[[projects]]
  name = "github.com/wadey/gocovmerge"
  packages = ["."]
  revision = "b5bfa59ec0adc420475f97f89b58045c721d761c"

[[projects]]
  branch = "master"
  name = "golang.org/x/crypto"
  packages = [
    "bcrypt",
    "blowfish",
    "ssh/terminal"
  ]
  revision = "614d502a4dac94afa3a6ce146bd1736da82514c6"

[[projects]]
  name = "golang.org/x/exp"
  packages = ["inotify"]
  revision = "292a51b8d262487dab23a588950e8052d63d9113"

[[projects]]
  branch = "master"
  name = "golang.org/x/net"
  packages = [
    "context",
    "context/ctxhttp",
    "html",
    "html/atom",
    "html/charset",
    "http/httpguts",
    "http2",
    "http2/hpack",
    "idna",
    "internal/socks",
    "internal/timeseries",
    "proxy",
    "trace"
  ]
  revision = "aaf60122140d3fcf75376d319f0554393160eb50"

[[projects]]
  branch = "master"
  name = "golang.org/x/oauth2"
  packages = [
    ".",
    "internal",
    "jws",
    "jwt"
  ]
  revision = "f720f1faee02c1fb456408c22886169405f239aa"

[[projects]]
  branch = "master"
  name = "golang.org/x/sys"
  packages = [
    "unix",
    "windows"
  ]
  revision = "1a700e749ce29638d0bbcb531cce1094ea096bd3"

[[projects]]
  name = "golang.org/x/text"
  packages = [
    "collate",
    "collate/build",
    "encoding",
    "encoding/charmap",
    "encoding/htmlindex",
    "encoding/internal",
    "encoding/internal/identifier",
    "encoding/japanese",
    "encoding/korean",
    "encoding/simplifiedchinese",
    "encoding/traditionalchinese",
    "encoding/unicode",
    "internal/colltab",
    "internal/gen",
    "internal/tag",
    "internal/triegen",
    "internal/ucd",
    "internal/utf8internal",
    "language",
    "runes",
    "secure/bidirule",
    "transform",
    "unicode/bidi",
    "unicode/cldr",
    "unicode/norm",
    "unicode/rangetable"
  ]
  revision = "f21a4dfb5e38f5895301dc265a8def02365cc3d0"
  version = "v0.3.0"

[[projects]]
  branch = "master"
  name = "golang.org/x/time"
  packages = ["rate"]
  revision = "fbb02b2291d28baffd63558aa44b4b56f178d650"

[[projects]]
  branch = "master"
  name = "golang.org/x/tools"
  packages = [
    "cover",
    "go/ast/astutil",
    "imports",
    "internal/fastwalk"
  ]
  revision = "c1406c36efe20fb423f43a73518f0454febeed1f"

[[projects]]
  branch = "master"
  name = "google.golang.org/api"
  packages = [
    "bigquery/v2",
    "gensupport",
    "googleapi",
    "googleapi/internal/uritemplates"
  ]
  revision = "e21acd801f91da814261b938941d193bb036441a"

[[projects]]
  name = "google.golang.org/appengine"
  packages = [
    "internal",
    "internal/base",
    "internal/datastore",
    "internal/log",
    "internal/remote_api",
    "internal/urlfetch",
    "urlfetch"
  ]
  revision = "b1f26356af11148e710935ed1ac8a7f5702c7612"
  version = "v1.1.0"

[[projects]]
  branch = "master"
  name = "google.golang.org/genproto"
  packages = ["googleapis/rpc/status"]
  revision = "c66870c02cf823ceb633bcd05be3c7cda29976f4"

[[projects]]
  name = "google.golang.org/grpc"
  packages = [
    ".",
    "balancer",
    "balancer/base",
    "balancer/roundrobin",
    "codes",
    "connectivity",
    "credentials",
    "encoding",
    "encoding/proto",
    "grpclog",
    "health/grpc_health_v1",
    "internal",
    "internal/backoff",
    "internal/channelz",
    "internal/envconfig",
    "internal/grpcrand",
    "internal/transport",
    "keepalive",
    "metadata",
    "naming",
    "peer",
    "resolver",
    "resolver/dns",
    "resolver/passthrough",
    "stats",
    "status",
    "tap"
  ]
  revision = "32fb0ac620c32ba40a4626ddf94d90d12cce3455"
  version = "v1.14.0"

[[projects]]
  name = "gopkg.in/inf.v0"
  packages = ["."]
  revision = "d2d2541c53f18d2a059457998ce2876cc8e67cbf"
  version = "v0.9.1"

[[projects]]
  name = "gopkg.in/olivere/elastic.v2"
  packages = [
    ".",
    "backoff",
    "uritemplates"
  ]
  revision = "2cd27b9ae892f6b4dd8dd6d73489797c99e9c6fa"
  version = "v2.0.61"

[[projects]]
  name = "gopkg.in/yaml.v2"
  packages = ["."]
  revision = "5420a8b6744d3b0345ab293f6fcba19c978f1183"
  version = "v2.2.1"

[[projects]]
  name = "k8s.io/api"
  packages = [
    "admissionregistration/v1alpha1",
    "admissionregistration/v1beta1",
    "apps/v1",
    "apps/v1beta1",
    "apps/v1beta2",
    "authentication/v1",
    "authentication/v1beta1",
    "authorization/v1",
    "authorization/v1beta1",
    "autoscaling/v1",
    "autoscaling/v2beta1",
    "batch/v1",
    "batch/v1beta1",
    "batch/v2alpha1",
    "certificates/v1beta1",
    "core/v1",
    "events/v1beta1",
    "extensions/v1beta1",
    "networking/v1",
    "policy/v1beta1",
    "rbac/v1",
    "rbac/v1alpha1",
    "rbac/v1beta1",
    "scheduling/v1alpha1",
    "scheduling/v1beta1",
    "settings/v1alpha1",
    "storage/v1",
    "storage/v1alpha1",
    "storage/v1beta1"
  ]
  revision = "072894a440bdee3a891dea811fe42902311cd2a3"
  version = "kubernetes-1.11.0"

[[projects]]
  name = "k8s.io/apiextensions-apiserver"
  packages = [
    "pkg/apis/apiextensions",
    "pkg/apis/apiextensions/v1beta1",
    "pkg/client/clientset/clientset",
    "pkg/client/clientset/clientset/scheme",
    "pkg/client/clientset/clientset/typed/apiextensions/v1beta1"
  ]
  revision = "3de98c57bc05a81cf463e0ad7a0af4cec8a5b510"
  version = "kubernetes-1.11.0"

[[projects]]
  name = "k8s.io/apimachinery"
  packages = [
    "pkg/api/errors",
    "pkg/api/meta",
    "pkg/api/resource",
    "pkg/apis/meta/internalversion",
    "pkg/apis/meta/v1",
    "pkg/apis/meta/v1/unstructured",
    "pkg/apis/meta/v1beta1",
    "pkg/conversion",
    "pkg/conversion/queryparams",
    "pkg/fields",
    "pkg/labels",
    "pkg/runtime",
    "pkg/runtime/schema",
    "pkg/runtime/serializer",
    "pkg/runtime/serializer/json",
    "pkg/runtime/serializer/protobuf",
    "pkg/runtime/serializer/recognizer",
    "pkg/runtime/serializer/streaming",
    "pkg/runtime/serializer/versioning",
    "pkg/selection",
    "pkg/types",
    "pkg/util/cache",
    "pkg/util/clock",
    "pkg/util/diff",
    "pkg/util/errors",
    "pkg/util/framer",
    "pkg/util/intstr",
    "pkg/util/json",
    "pkg/util/mergepatch",
    "pkg/util/net",
    "pkg/util/runtime",
    "pkg/util/sets",
    "pkg/util/strategicpatch",
    "pkg/util/validation",
    "pkg/util/validation/field",
    "pkg/util/wait",
    "pkg/util/yaml",
    "pkg/version",
    "pkg/watch",
    "third_party/forked/golang/json",
    "third_party/forked/golang/reflect"
  ]
  revision = "103fd098999dc9c0c88536f5c9ad2e5da39373ae"

[[projects]]
  name = "k8s.io/apiserver"
  packages = ["pkg/apis/apiserver"]
  revision = "a35277792fddcf69f8cbbb8a9cb7727b23077409"

[[projects]]
  name = "k8s.io/client-go"
  packages = [
    "discovery",
    "discovery/fake",
    "kubernetes",
    "kubernetes/scheme",
    "kubernetes/typed/admissionregistration/v1alpha1",
    "kubernetes/typed/admissionregistration/v1beta1",
    "kubernetes/typed/apps/v1",
    "kubernetes/typed/apps/v1beta1",
    "kubernetes/typed/apps/v1beta2",
    "kubernetes/typed/authentication/v1",
    "kubernetes/typed/authentication/v1beta1",
    "kubernetes/typed/authorization/v1",
    "kubernetes/typed/authorization/v1beta1",
    "kubernetes/typed/autoscaling/v1",
    "kubernetes/typed/autoscaling/v2beta1",
    "kubernetes/typed/batch/v1",
    "kubernetes/typed/batch/v1beta1",
    "kubernetes/typed/batch/v2alpha1",
    "kubernetes/typed/certificates/v1beta1",
    "kubernetes/typed/core/v1",
    "kubernetes/typed/events/v1beta1",
    "kubernetes/typed/extensions/v1beta1",
    "kubernetes/typed/networking/v1",
    "kubernetes/typed/policy/v1beta1",
    "kubernetes/typed/rbac/v1",
    "kubernetes/typed/rbac/v1alpha1",
    "kubernetes/typed/rbac/v1beta1",
    "kubernetes/typed/scheduling/v1alpha1",
    "kubernetes/typed/scheduling/v1beta1",
    "kubernetes/typed/settings/v1alpha1",
    "kubernetes/typed/storage/v1",
    "kubernetes/typed/storage/v1alpha1",
    "kubernetes/typed/storage/v1beta1",
    "pkg/apis/clientauthentication",
    "pkg/apis/clientauthentication/v1alpha1",
    "pkg/apis/clientauthentication/v1beta1",
    "pkg/version",
    "plugin/pkg/client/auth/exec",
    "rest",
    "rest/watch",
    "testing",
    "tools/auth",
    "tools/cache",
    "tools/clientcmd",
    "tools/clientcmd/api",
    "tools/clientcmd/api/latest",
    "tools/clientcmd/api/v1",
    "tools/metrics",
    "tools/pager",
    "tools/reference",
    "transport",
    "util/buffer",
    "util/cert",
    "util/connrotation",
    "util/flowcontrol",
    "util/homedir",
    "util/integer",
    "util/retry",
    "util/workqueue"
  ]
  revision = "7d04d0e2a0a1a4d4a1cd6baa432a2301492e4e65"
  version = "kubernetes-1.11.0"

[[projects]]
  name = "k8s.io/code-generator"
  packages = [
    "cmd/client-gen",
    "cmd/client-gen/args",
    "cmd/client-gen/generators",
    "cmd/client-gen/generators/fake",
    "cmd/client-gen/generators/scheme",
    "cmd/client-gen/generators/util",
    "cmd/client-gen/path",
    "cmd/client-gen/types",
    "cmd/deepcopy-gen",
    "cmd/deepcopy-gen/args",
    "cmd/defaulter-gen",
    "cmd/defaulter-gen/args",
    "cmd/informer-gen",
    "cmd/informer-gen/args",
    "cmd/informer-gen/generators",
    "cmd/lister-gen",
    "cmd/lister-gen/args",
    "cmd/lister-gen/generators",
    "pkg/util"
  ]
  revision = "6702109cc68eb6fe6350b83e14407c8d7309fd1a"
  version = "kubernetes-1.11.0"

[[projects]]
  branch = "master"
  name = "k8s.io/gengo"
  packages = [
    "args",
    "examples/deepcopy-gen/generators",
    "examples/defaulter-gen/generators",
    "examples/set-gen/sets",
    "generator",
    "namer",
    "parser",
    "types"
  ]
  revision = "4242d8e6c5dba56827bb7bcf14ad11cda38f3991"

[[projects]]
  branch = "master"
  name = "k8s.io/kube-openapi"
  packages = ["pkg/util/proto"]
  revision = "e3762e86a74c878ffed47484592986685639c2cd"

[solve-meta]
  analyzer-name = "dep"
  analyzer-version = 1
  inputs-digest = "c9755fc9a1294d96366f4c71d81f09c4437f6fd321336c27aeac0b6a1767b241"
  solver-name = "gps-cdcl"
  solver-version = 1
